
Microsoft Visual Studio Solution File, Format Version 12.00
# Visual Studio 15
VisualStudioVersion = 15.0.28307.852
MinimumVisualStudioVersion = 10.0.40219.1
Project("{FAE04EC0-301F-11D3-BF4B-00C04F79EFBC}") = "UserResistration", "UserResistration\UserResistration.csproj", "{B7CCC586-C0CA-4C47-A4EE-DC1B401C53CF}"
EndProject
Global
	GlobalSection(SolutionConfigurationPlatforms) = preSolution
		Debug|Any CPU = Debug|Any CPU
		Release|Any CPU = Release|Any CPU
	EndGlobalSection
	GlobalSection(ProjectConfigurationPlatforms) = postSolution
		{B7CCC586-C0CA-4C47-A4EE-DC1B401C53CF}.Debug|Any CPU.ActiveCfg = Debug|Any CPU
		{B7CCC586-C0CA-4C47-A4EE-DC1B401C53CF}.Debug|Any CPU.Build.0 = Debug|Any CPU
		{B7CCC586-C0CA-4C47-A4EE-DC1B401C53CF}.Release|Any CPU.ActiveCfg = Release|Any CPU
		{B7CCC586-C0CA-4C47-A4EE-DC1B401C53CF}.Release|Any CPU.Build.0 = Release|Any CPU
	EndGlobalSection
	GlobalSection(SolutionProperties) = preSolution
		HideSolutionNode = FALSE
	EndGlobalSection
	GlobalSection(ExtensibilityGlobals) = postSolution
		SolutionGuid = {2271571D-82B6-4311-A72F-30A513062FE8}
	EndGlobalSection
EndGlobal
